
Microsoft Visual Studio Solution File, Format Version 12.00
# Visual Studio 15
VisualStudioVersion = 15.0.27428.2015
MinimumVisualStudioVersion = 10.0.40219.1
Project("{FAE04EC0-301F-11D3-BF4B-00C04F79EFBC}") = "GasCardMgrTool", "GasCardMgrTool\GasCardMgrTool.csproj", "{24E60C6F-F958-4AC0-BDBF-9AAF5433A668}"
	ProjectSection(ProjectDependencies) = postProject
		{182CB473-73C9-4F2A-9FCB-BAB9D9C359C8} = {182CB473-73C9-4F2A-9FCB-BAB9D9C359C8}
		{2BB28F8D-38C8-420E-911F-D79A120648CF} = {2BB28F8D-38C8-420E-911F-D79A120648CF}
		{9C0D9BAD-C3FC-4DE0-9BB0-A571B3D36248} = {9C0D9BAD-C3FC-4DE0-9BB0-A571B3D36248}
	EndProjectSection
EndProject
Project("{FAE04EC0-301F-11D3-BF4B-00C04F79EFBC}") = "PiEms.Public.CommonLibs", "..\WDq.CommonLibs\CommonLibs\PiEms.Public.CommonLibs.csproj", "{9C0D9BAD-C3FC-4DE0-9BB0-A571B3D36248}"
EndProject
Project("{FAE04EC0-301F-11D3-BF4B-00C04F79EFBC}") = "GLLedPublic", "..\GlareLedSysPublic\GLLedPublic.csproj", "{2BB28F8D-38C8-420E-911F-D79A120648CF}"
EndProject
Project("{FAE04EC0-301F-11D3-BF4B-00C04F79EFBC}") = "01-GlareLedSysEfDbDll", "..\GasCardMgrServer\GasCardEfDbDll\01-GlareLedSysEfDbDll.csproj", "{182CB473-73C9-4F2A-9FCB-BAB9D9C359C8}"
EndProject
Global
	GlobalSection(SolutionConfigurationPlatforms) = preSolution
		Debug|Any CPU = Debug|Any CPU
		Debug|x86 = Debug|x86
		Release|Any CPU = Release|Any CPU
		Release|x86 = Release|x86
	EndGlobalSection
	GlobalSection(ProjectConfigurationPlatforms) = postSolution
		{24E60C6F-F958-4AC0-BDBF-9AAF5433A668}.Debug|Any CPU.ActiveCfg = Debug|x86
		{24E60C6F-F958-4AC0-BDBF-9AAF5433A668}.Debug|x86.ActiveCfg = Debug|x86
		{24E60C6F-F958-4AC0-BDBF-9AAF5433A668}.Debug|x86.Build.0 = Debug|x86
		{24E60C6F-F958-4AC0-BDBF-9AAF5433A668}.Release|Any CPU.ActiveCfg = Release|x86
		{24E60C6F-F958-4AC0-BDBF-9AAF5433A668}.Release|x86.ActiveCfg = Release|x86
		{24E60C6F-F958-4AC0-BDBF-9AAF5433A668}.Release|x86.Build.0 = Release|x86
		{9C0D9BAD-C3FC-4DE0-9BB0-A571B3D36248}.Debug|Any CPU.ActiveCfg = Debug|Any CPU
		{9C0D9BAD-C3FC-4DE0-9BB0-A571B3D36248}.Debug|Any CPU.Build.0 = Debug|Any CPU
		{9C0D9BAD-C3FC-4DE0-9BB0-A571B3D36248}.Debug|x86.ActiveCfg = Debug|Any CPU
		{9C0D9BAD-C3FC-4DE0-9BB0-A571B3D36248}.Debug|x86.Build.0 = Debug|Any CPU
		{9C0D9BAD-C3FC-4DE0-9BB0-A571B3D36248}.Release|Any CPU.ActiveCfg = Release|Any CPU
		{9C0D9BAD-C3FC-4DE0-9BB0-A571B3D36248}.Release|Any CPU.Build.0 = Release|Any CPU
		{9C0D9BAD-C3FC-4DE0-9BB0-A571B3D36248}.Release|x86.ActiveCfg = Release|Any CPU
		{9C0D9BAD-C3FC-4DE0-9BB0-A571B3D36248}.Release|x86.Build.0 = Release|Any CPU
		{2BB28F8D-38C8-420E-911F-D79A120648CF}.Debug|Any CPU.ActiveCfg = Debug|Any CPU
		{2BB28F8D-38C8-420E-911F-D79A120648CF}.Debug|Any CPU.Build.0 = Debug|Any CPU
		{2BB28F8D-38C8-420E-911F-D79A120648CF}.Debug|x86.ActiveCfg = Debug|Any CPU
		{2BB28F8D-38C8-420E-911F-D79A120648CF}.Debug|x86.Build.0 = Debug|Any CPU
		{2BB28F8D-38C8-420E-911F-D79A120648CF}.Release|Any CPU.ActiveCfg = Release|Any CPU
		{2BB28F8D-38C8-420E-911F-D79A120648CF}.Release|Any CPU.Build.0 = Release|Any CPU
		{2BB28F8D-38C8-420E-911F-D79A120648CF}.Release|x86.ActiveCfg = Release|Any CPU
		{2BB28F8D-38C8-420E-911F-D79A120648CF}.Release|x86.Build.0 = Release|Any CPU
		{182CB473-73C9-4F2A-9FCB-BAB9D9C359C8}.Debug|Any CPU.ActiveCfg = Debug|Any CPU
		{182CB473-73C9-4F2A-9FCB-BAB9D9C359C8}.Debug|Any CPU.Build.0 = Debug|Any CPU
		{182CB473-73C9-4F2A-9FCB-BAB9D9C359C8}.Debug|x86.ActiveCfg = Debug|Any CPU
		{182CB473-73C9-4F2A-9FCB-BAB9D9C359C8}.Debug|x86.Build.0 = Debug|Any CPU
		{182CB473-73C9-4F2A-9FCB-BAB9D9C359C8}.Release|Any CPU.ActiveCfg = Release|Any CPU
		{182CB473-73C9-4F2A-9FCB-BAB9D9C359C8}.Release|Any CPU.Build.0 = Release|Any CPU
		{182CB473-73C9-4F2A-9FCB-BAB9D9C359C8}.Release|x86.ActiveCfg = Release|Any CPU
		{182CB473-73C9-4F2A-9FCB-BAB9D9C359C8}.Release|x86.Build.0 = Release|Any CPU
	EndGlobalSection
	GlobalSection(SolutionProperties) = preSolution
		HideSolutionNode = FALSE
	EndGlobalSection
	GlobalSection(ExtensibilityGlobals) = postSolution
		SolutionGuid = {EFE972F9-55EE-401E-AB1D-5D0B1C55B9DD}
	EndGlobalSection
EndGlobal
