
Microsoft Visual Studio Solution File, Format Version 12.00
# Visual Studio 2010
Project("{FAE04EC0-301F-11D3-BF4B-00C04F79EFBC}") = "NetLabelMgrWs", "NetLabelMgrWs\NetLabelMgrWs.csproj", "{519D9B59-098B-4662-9EDE-9386A0BFC88D}"
EndProject
Project("{FAE04EC0-301F-11D3-BF4B-00C04F79EFBC}") = "Models", "Models\Models.csproj", "{F992F48E-9FBB-464A-8B6E-31B90CD31263}"
EndProject
Project("{FAE04EC0-301F-11D3-BF4B-00C04F79EFBC}") = "功能测试代码", "功能测试代码\功能测试代码.csproj", "{0A753D45-7F91-498D-B72D-689EF62CC3FA}"
	ProjectSection(ProjectDependencies) = postProject
		{519D9B59-098B-4662-9EDE-9386A0BFC88D} = {519D9B59-098B-4662-9EDE-9386A0BFC88D}
	EndProjectSection
EndProject
Project("{FAE04EC0-301F-11D3-BF4B-00C04F79EFBC}") = "PiEms.Public.CommonLibs", "..\WDq.CommonLibs\CommonLibs\PiEms.Public.CommonLibs.csproj", "{9C0D9BAD-C3FC-4DE0-9BB0-A571B3D36248}"
EndProject
Project("{FAE04EC0-301F-11D3-BF4B-00C04F79EFBC}") = "NetLabelClientMgr", "NetLabelClientMgr\NetLabelClientMgr.csproj", "{659C811B-465D-4741-80EE-38DF9A13E4A8}"
	ProjectSection(ProjectDependencies) = postProject
		{519D9B59-098B-4662-9EDE-9386A0BFC88D} = {519D9B59-098B-4662-9EDE-9386A0BFC88D}
	EndProjectSection
EndProject
Project("{FAE04EC0-301F-11D3-BF4B-00C04F79EFBC}") = "GasCardBll", "GasCardBll\GasCardBll.csproj", "{8E05F714-B90E-4E66-920A-414955B4AEA7}"
EndProject
Project("{FAE04EC0-301F-11D3-BF4B-00C04F79EFBC}") = "GasCardEfDbDll", "GasCardEfDbDll\GasCardEfDbDll.csproj", "{182CB473-73C9-4F2A-9FCB-BAB9D9C359C8}"
EndProject
Global
	GlobalSection(SolutionConfigurationPlatforms) = preSolution
		Debug|Any CPU = Debug|Any CPU
		Debug|Mixed Platforms = Debug|Mixed Platforms
		Debug|x86 = Debug|x86
		Release|Any CPU = Release|Any CPU
		Release|Mixed Platforms = Release|Mixed Platforms
		Release|x86 = Release|x86
	EndGlobalSection
	GlobalSection(ProjectConfigurationPlatforms) = postSolution
		{519D9B59-098B-4662-9EDE-9386A0BFC88D}.Debug|Any CPU.ActiveCfg = Debug|Any CPU
		{519D9B59-098B-4662-9EDE-9386A0BFC88D}.Debug|Any CPU.Build.0 = Debug|Any CPU
		{519D9B59-098B-4662-9EDE-9386A0BFC88D}.Debug|Mixed Platforms.ActiveCfg = Debug|Any CPU
		{519D9B59-098B-4662-9EDE-9386A0BFC88D}.Debug|Mixed Platforms.Build.0 = Debug|Any CPU
		{519D9B59-098B-4662-9EDE-9386A0BFC88D}.Debug|x86.ActiveCfg = Debug|Any CPU
		{519D9B59-098B-4662-9EDE-9386A0BFC88D}.Release|Any CPU.ActiveCfg = Release|Any CPU
		{519D9B59-098B-4662-9EDE-9386A0BFC88D}.Release|Any CPU.Build.0 = Release|Any CPU
		{519D9B59-098B-4662-9EDE-9386A0BFC88D}.Release|Mixed Platforms.ActiveCfg = Release|Any CPU
		{519D9B59-098B-4662-9EDE-9386A0BFC88D}.Release|Mixed Platforms.Build.0 = Release|Any CPU
		{519D9B59-098B-4662-9EDE-9386A0BFC88D}.Release|x86.ActiveCfg = Release|Any CPU
		{F992F48E-9FBB-464A-8B6E-31B90CD31263}.Debug|Any CPU.ActiveCfg = Debug|Any CPU
		{F992F48E-9FBB-464A-8B6E-31B90CD31263}.Debug|Any CPU.Build.0 = Debug|Any CPU
		{F992F48E-9FBB-464A-8B6E-31B90CD31263}.Debug|Mixed Platforms.ActiveCfg = Debug|Any CPU
		{F992F48E-9FBB-464A-8B6E-31B90CD31263}.Debug|Mixed Platforms.Build.0 = Debug|Any CPU
		{F992F48E-9FBB-464A-8B6E-31B90CD31263}.Debug|x86.ActiveCfg = Debug|Any CPU
		{F992F48E-9FBB-464A-8B6E-31B90CD31263}.Release|Any CPU.ActiveCfg = Release|Any CPU
		{F992F48E-9FBB-464A-8B6E-31B90CD31263}.Release|Any CPU.Build.0 = Release|Any CPU
		{F992F48E-9FBB-464A-8B6E-31B90CD31263}.Release|Mixed Platforms.ActiveCfg = Release|Any CPU
		{F992F48E-9FBB-464A-8B6E-31B90CD31263}.Release|Mixed Platforms.Build.0 = Release|Any CPU
		{F992F48E-9FBB-464A-8B6E-31B90CD31263}.Release|x86.ActiveCfg = Release|Any CPU
		{0A753D45-7F91-498D-B72D-689EF62CC3FA}.Debug|Any CPU.ActiveCfg = Debug|x86
		{0A753D45-7F91-498D-B72D-689EF62CC3FA}.Debug|Mixed Platforms.ActiveCfg = Debug|x86
		{0A753D45-7F91-498D-B72D-689EF62CC3FA}.Debug|Mixed Platforms.Build.0 = Debug|x86
		{0A753D45-7F91-498D-B72D-689EF62CC3FA}.Debug|x86.ActiveCfg = Debug|x86
		{0A753D45-7F91-498D-B72D-689EF62CC3FA}.Debug|x86.Build.0 = Debug|x86
		{0A753D45-7F91-498D-B72D-689EF62CC3FA}.Release|Any CPU.ActiveCfg = Release|x86
		{0A753D45-7F91-498D-B72D-689EF62CC3FA}.Release|Mixed Platforms.ActiveCfg = Release|x86
		{0A753D45-7F91-498D-B72D-689EF62CC3FA}.Release|Mixed Platforms.Build.0 = Release|x86
		{0A753D45-7F91-498D-B72D-689EF62CC3FA}.Release|x86.ActiveCfg = Release|x86
		{0A753D45-7F91-498D-B72D-689EF62CC3FA}.Release|x86.Build.0 = Release|x86
		{9C0D9BAD-C3FC-4DE0-9BB0-A571B3D36248}.Debug|Any CPU.ActiveCfg = Debug|Any CPU
		{9C0D9BAD-C3FC-4DE0-9BB0-A571B3D36248}.Debug|Any CPU.Build.0 = Debug|Any CPU
		{9C0D9BAD-C3FC-4DE0-9BB0-A571B3D36248}.Debug|Mixed Platforms.ActiveCfg = Debug|Any CPU
		{9C0D9BAD-C3FC-4DE0-9BB0-A571B3D36248}.Debug|Mixed Platforms.Build.0 = Debug|Any CPU
		{9C0D9BAD-C3FC-4DE0-9BB0-A571B3D36248}.Debug|x86.ActiveCfg = Debug|Any CPU
		{9C0D9BAD-C3FC-4DE0-9BB0-A571B3D36248}.Release|Any CPU.ActiveCfg = Release|Any CPU
		{9C0D9BAD-C3FC-4DE0-9BB0-A571B3D36248}.Release|Any CPU.Build.0 = Release|Any CPU
		{9C0D9BAD-C3FC-4DE0-9BB0-A571B3D36248}.Release|Mixed Platforms.ActiveCfg = Release|Any CPU
		{9C0D9BAD-C3FC-4DE0-9BB0-A571B3D36248}.Release|Mixed Platforms.Build.0 = Release|Any CPU
		{9C0D9BAD-C3FC-4DE0-9BB0-A571B3D36248}.Release|x86.ActiveCfg = Release|Any CPU
		{659C811B-465D-4741-80EE-38DF9A13E4A8}.Debug|Any CPU.ActiveCfg = Debug|x86
		{659C811B-465D-4741-80EE-38DF9A13E4A8}.Debug|Mixed Platforms.ActiveCfg = Debug|x86
		{659C811B-465D-4741-80EE-38DF9A13E4A8}.Debug|Mixed Platforms.Build.0 = Debug|x86
		{659C811B-465D-4741-80EE-38DF9A13E4A8}.Debug|x86.ActiveCfg = Debug|x86
		{659C811B-465D-4741-80EE-38DF9A13E4A8}.Debug|x86.Build.0 = Debug|x86
		{659C811B-465D-4741-80EE-38DF9A13E4A8}.Release|Any CPU.ActiveCfg = Release|x86
		{659C811B-465D-4741-80EE-38DF9A13E4A8}.Release|Mixed Platforms.ActiveCfg = Release|x86
		{659C811B-465D-4741-80EE-38DF9A13E4A8}.Release|Mixed Platforms.Build.0 = Release|x86
		{659C811B-465D-4741-80EE-38DF9A13E4A8}.Release|x86.ActiveCfg = Release|x86
		{659C811B-465D-4741-80EE-38DF9A13E4A8}.Release|x86.Build.0 = Release|x86
		{8E05F714-B90E-4E66-920A-414955B4AEA7}.Debug|Any CPU.ActiveCfg = Debug|Any CPU
		{8E05F714-B90E-4E66-920A-414955B4AEA7}.Debug|Any CPU.Build.0 = Debug|Any CPU
		{8E05F714-B90E-4E66-920A-414955B4AEA7}.Debug|Mixed Platforms.ActiveCfg = Debug|Any CPU
		{8E05F714-B90E-4E66-920A-414955B4AEA7}.Debug|Mixed Platforms.Build.0 = Debug|Any CPU
		{8E05F714-B90E-4E66-920A-414955B4AEA7}.Debug|x86.ActiveCfg = Debug|Any CPU
		{8E05F714-B90E-4E66-920A-414955B4AEA7}.Release|Any CPU.ActiveCfg = Release|Any CPU
		{8E05F714-B90E-4E66-920A-414955B4AEA7}.Release|Any CPU.Build.0 = Release|Any CPU
		{8E05F714-B90E-4E66-920A-414955B4AEA7}.Release|Mixed Platforms.ActiveCfg = Release|Any CPU
		{8E05F714-B90E-4E66-920A-414955B4AEA7}.Release|Mixed Platforms.Build.0 = Release|Any CPU
		{8E05F714-B90E-4E66-920A-414955B4AEA7}.Release|x86.ActiveCfg = Release|Any CPU
		{182CB473-73C9-4F2A-9FCB-BAB9D9C359C8}.Debug|Any CPU.ActiveCfg = Debug|Any CPU
		{182CB473-73C9-4F2A-9FCB-BAB9D9C359C8}.Debug|Any CPU.Build.0 = Debug|Any CPU
		{182CB473-73C9-4F2A-9FCB-BAB9D9C359C8}.Debug|Mixed Platforms.ActiveCfg = Debug|Any CPU
		{182CB473-73C9-4F2A-9FCB-BAB9D9C359C8}.Debug|Mixed Platforms.Build.0 = Debug|Any CPU
		{182CB473-73C9-4F2A-9FCB-BAB9D9C359C8}.Debug|x86.ActiveCfg = Debug|Any CPU
		{182CB473-73C9-4F2A-9FCB-BAB9D9C359C8}.Release|Any CPU.ActiveCfg = Release|Any CPU
		{182CB473-73C9-4F2A-9FCB-BAB9D9C359C8}.Release|Any CPU.Build.0 = Release|Any CPU
		{182CB473-73C9-4F2A-9FCB-BAB9D9C359C8}.Release|Mixed Platforms.ActiveCfg = Release|Any CPU
		{182CB473-73C9-4F2A-9FCB-BAB9D9C359C8}.Release|Mixed Platforms.Build.0 = Release|Any CPU
		{182CB473-73C9-4F2A-9FCB-BAB9D9C359C8}.Release|x86.ActiveCfg = Release|Any CPU
	EndGlobalSection
	GlobalSection(SolutionProperties) = preSolution
		HideSolutionNode = FALSE
	EndGlobalSection
EndGlobal
