
Microsoft Visual Studio Solution File, Format Version 12.00
# Visual Studio 15
VisualStudioVersion = 15.0.27428.2015
MinimumVisualStudioVersion = 10.0.40219.1
Project("{FAE04EC0-301F-11D3-BF4B-00C04F79EFBC}") = "PiEms.Public.CommonLibs", "..\WDq.CommonLibs\CommonLibs\PiEms.Public.CommonLibs.csproj", "{9C0D9BAD-C3FC-4DE0-9BB0-A571B3D36248}"
EndProject
Global
	GlobalSection(SolutionConfigurationPlatforms) = preSolution
		Debug|Any CPU = Debug|Any CPU
		Debug|Mixed Platforms = Debug|Mixed Platforms
		Debug|x64 = Debug|x64
		Debug|x86 = Debug|x86
		Release|Any CPU = Release|Any CPU
		Release|Mixed Platforms = Release|Mixed Platforms
		Release|x64 = Release|x64
		Release|x86 = Release|x86
	EndGlobalSection
	GlobalSection(ProjectConfigurationPlatforms) = postSolution
		{9C0D9BAD-C3FC-4DE0-9BB0-A571B3D36248}.Debug|Any CPU.ActiveCfg = Debug|Any CPU
		{9C0D9BAD-C3FC-4DE0-9BB0-A571B3D36248}.Debug|Any CPU.Build.0 = Debug|Any CPU
		{9C0D9BAD-C3FC-4DE0-9BB0-A571B3D36248}.Debug|Mixed Platforms.ActiveCfg = Debug|Any CPU
		{9C0D9BAD-C3FC-4DE0-9BB0-A571B3D36248}.Debug|Mixed Platforms.Build.0 = Debug|Any CPU
		{9C0D9BAD-C3FC-4DE0-9BB0-A571B3D36248}.Debug|x64.ActiveCfg = Debug|Any CPU
		{9C0D9BAD-C3FC-4DE0-9BB0-A571B3D36248}.Debug|x86.ActiveCfg = Debug|Any CPU
		{9C0D9BAD-C3FC-4DE0-9BB0-A571B3D36248}.Release|Any CPU.ActiveCfg = Release|Any CPU
		{9C0D9BAD-C3FC-4DE0-9BB0-A571B3D36248}.Release|Any CPU.Build.0 = Release|Any CPU
		{9C0D9BAD-C3FC-4DE0-9BB0-A571B3D36248}.Release|Mixed Platforms.ActiveCfg = Release|Any CPU
		{9C0D9BAD-C3FC-4DE0-9BB0-A571B3D36248}.Release|Mixed Platforms.Build.0 = Release|Any CPU
		{9C0D9BAD-C3FC-4DE0-9BB0-A571B3D36248}.Release|x64.ActiveCfg = Release|Any CPU
		{9C0D9BAD-C3FC-4DE0-9BB0-A571B3D36248}.Release|x86.ActiveCfg = Release|Any CPU
	EndGlobalSection
	GlobalSection(SolutionProperties) = preSolution
		HideSolutionNode = FALSE
	EndGlobalSection
	GlobalSection(ExtensibilityGlobals) = postSolution
		SolutionGuid = {EAB33970-64CB-4408-B80A-EE10F8ABAA9C}
	EndGlobalSection
EndGlobal
